
Microsoft Visual Studio Solution File, Format Version 12.00
# Visual Studio Version 16
VisualStudioVersion = 16.0.29009.5
MinimumVisualStudioVersion = 10.0.40219.1
Project("{FAE04EC0-301F-11D3-BF4B-00C04F79EFBC}") = "CA 2", "CA 2\CA 2.csproj", "{64B9B3E1-5477-46AF-B9BC-31E4D70DE84C}"
EndProject
Global
	GlobalSection(SolutionConfigurationPlatforms) = preSolution
		Debug|Any CPU = Debug|Any CPU
		Release|Any CPU = Release|Any CPU
	EndGlobalSection
	GlobalSection(ProjectConfigurationPlatforms) = postSolution
		{64B9B3E1-5477-46AF-B9BC-31E4D70DE84C}.Debug|Any CPU.ActiveCfg = Debug|Any CPU
		{64B9B3E1-5477-46AF-B9BC-31E4D70DE84C}.Debug|Any CPU.Build.0 = Debug|Any CPU
		{64B9B3E1-5477-46AF-B9BC-31E4D70DE84C}.Release|Any CPU.ActiveCfg = Release|Any CPU
		{64B9B3E1-5477-46AF-B9BC-31E4D70DE84C}.Release|Any CPU.Build.0 = Release|Any CPU
	EndGlobalSection
	GlobalSection(SolutionProperties) = preSolution
		HideSolutionNode = FALSE
	EndGlobalSection
	GlobalSection(ExtensibilityGlobals) = postSolution
		SolutionGuid = {8DD35539-F9D8-4BD0-8F94-6A1DB1B1F986}
	EndGlobalSection
EndGlobal
